
Microsoft Visual Studio Solution File, Format Version 12.00
# Visual Studio Version 17
VisualStudioVersion = 17.2.32427.441
MinimumVisualStudioVersion = 10.0.40219.1
Project("{9A19103F-16F7-4668-BE54-9A1E7A4F7556}") = "PhotoArchiver", "src\PhotoArchiver\PhotoArchiver.csproj", "{D5F898B8-FEBE-47C9-9A7B-C9F361290EBA}"
EndProject
Project("{9A19103F-16F7-4668-BE54-9A1E7A4F7556}") = "PhotoArchiver.Tests", "test\PhotoArchiver.Tests\PhotoArchiver.Tests.csproj", "{A383FCD1-2D31-4130-B599-40546006334E}"
EndProject
Project("{2150E333-8FDC-42A3-9474-1A3956D46DE8}") = "Solution Items", "Solution Items", "{AFB83775-6DD4-4A21-B093-90E82723F866}"
	ProjectSection(SolutionItems) = preProject
		.editorconfig = .editorconfig
		.github\workflows\dotnet.yml = .github\workflows\dotnet.yml
		readme.md = readme.md
	EndProjectSection
EndProject
Project("{9A19103F-16F7-4668-BE54-9A1E7A4F7556}") = "PhotoArchiver.Console", "src\PhotoArchiver.Console\PhotoArchiver.Console.csproj", "{1DB60331-1801-4CC1-B433-2875EAF66D20}"
EndProject
Global
	GlobalSection(SolutionConfigurationPlatforms) = preSolution
		Debug|Any CPU = Debug|Any CPU
		Debug|ARM = Debug|ARM
		Debug|ARM64 = Debug|ARM64
		Debug|x64 = Debug|x64
		Debug|x86 = Debug|x86
		Release|Any CPU = Release|Any CPU
		Release|ARM = Release|ARM
		Release|ARM64 = Release|ARM64
		Release|x64 = Release|x64
		Release|x86 = Release|x86
	EndGlobalSection
	GlobalSection(ProjectConfigurationPlatforms) = postSolution
		{D5F898B8-FEBE-47C9-9A7B-C9F361290EBA}.Debug|Any CPU.ActiveCfg = Debug|Any CPU
		{D5F898B8-FEBE-47C9-9A7B-C9F361290EBA}.Debug|Any CPU.Build.0 = Debug|Any CPU
		{D5F898B8-FEBE-47C9-9A7B-C9F361290EBA}.Debug|ARM.ActiveCfg = Debug|Any CPU
		{D5F898B8-FEBE-47C9-9A7B-C9F361290EBA}.Debug|ARM.Build.0 = Debug|Any CPU
		{D5F898B8-FEBE-47C9-9A7B-C9F361290EBA}.Debug|ARM64.ActiveCfg = Debug|Any CPU
		{D5F898B8-FEBE-47C9-9A7B-C9F361290EBA}.Debug|ARM64.Build.0 = Debug|Any CPU
		{D5F898B8-FEBE-47C9-9A7B-C9F361290EBA}.Debug|x64.ActiveCfg = Debug|Any CPU
		{D5F898B8-FEBE-47C9-9A7B-C9F361290EBA}.Debug|x64.Build.0 = Debug|Any CPU
		{D5F898B8-FEBE-47C9-9A7B-C9F361290EBA}.Debug|x86.ActiveCfg = Debug|Any CPU
		{D5F898B8-FEBE-47C9-9A7B-C9F361290EBA}.Debug|x86.Build.0 = Debug|Any CPU
		{D5F898B8-FEBE-47C9-9A7B-C9F361290EBA}.Release|Any CPU.ActiveCfg = Release|Any CPU
		{D5F898B8-FEBE-47C9-9A7B-C9F361290EBA}.Release|Any CPU.Build.0 = Release|Any CPU
		{D5F898B8-FEBE-47C9-9A7B-C9F361290EBA}.Release|ARM.ActiveCfg = Release|Any CPU
		{D5F898B8-FEBE-47C9-9A7B-C9F361290EBA}.Release|ARM.Build.0 = Release|Any CPU
		{D5F898B8-FEBE-47C9-9A7B-C9F361290EBA}.Release|ARM64.ActiveCfg = Release|Any CPU
		{D5F898B8-FEBE-47C9-9A7B-C9F361290EBA}.Release|ARM64.Build.0 = Release|Any CPU
		{D5F898B8-FEBE-47C9-9A7B-C9F361290EBA}.Release|x64.ActiveCfg = Release|Any CPU
		{D5F898B8-FEBE-47C9-9A7B-C9F361290EBA}.Release|x64.Build.0 = Release|Any CPU
		{D5F898B8-FEBE-47C9-9A7B-C9F361290EBA}.Release|x86.ActiveCfg = Release|Any CPU
		{D5F898B8-FEBE-47C9-9A7B-C9F361290EBA}.Release|x86.Build.0 = Release|Any CPU
		{A383FCD1-2D31-4130-B599-40546006334E}.Debug|Any CPU.ActiveCfg = Debug|Any CPU
		{A383FCD1-2D31-4130-B599-40546006334E}.Debug|Any CPU.Build.0 = Debug|Any CPU
		{A383FCD1-2D31-4130-B599-40546006334E}.Debug|ARM.ActiveCfg = Debug|Any CPU
		{A383FCD1-2D31-4130-B599-40546006334E}.Debug|ARM.Build.0 = Debug|Any CPU
		{A383FCD1-2D31-4130-B599-40546006334E}.Debug|ARM64.ActiveCfg = Debug|Any CPU
		{A383FCD1-2D31-4130-B599-40546006334E}.Debug|ARM64.Build.0 = Debug|Any CPU
		{A383FCD1-2D31-4130-B599-40546006334E}.Debug|x64.ActiveCfg = Debug|Any CPU
		{A383FCD1-2D31-4130-B599-40546006334E}.Debug|x64.Build.0 = Debug|Any CPU
		{A383FCD1-2D31-4130-B599-40546006334E}.Debug|x86.ActiveCfg = Debug|Any CPU
		{A383FCD1-2D31-4130-B599-40546006334E}.Debug|x86.Build.0 = Debug|Any CPU
		{A383FCD1-2D31-4130-B599-40546006334E}.Release|Any CPU.ActiveCfg = Release|Any CPU
		{A383FCD1-2D31-4130-B599-40546006334E}.Release|Any CPU.Build.0 = Release|Any CPU
		{A383FCD1-2D31-4130-B599-40546006334E}.Release|ARM.ActiveCfg = Release|Any CPU
		{A383FCD1-2D31-4130-B599-40546006334E}.Release|ARM.Build.0 = Release|Any CPU
		{A383FCD1-2D31-4130-B599-40546006334E}.Release|ARM64.ActiveCfg = Release|Any CPU
		{A383FCD1-2D31-4130-B599-40546006334E}.Release|ARM64.Build.0 = Release|Any CPU
		{A383FCD1-2D31-4130-B599-40546006334E}.Release|x64.ActiveCfg = Release|Any CPU
		{A383FCD1-2D31-4130-B599-40546006334E}.Release|x64.Build.0 = Release|Any CPU
		{A383FCD1-2D31-4130-B599-40546006334E}.Release|x86.ActiveCfg = Release|Any CPU
		{A383FCD1-2D31-4130-B599-40546006334E}.Release|x86.Build.0 = Release|Any CPU
		{1DB60331-1801-4CC1-B433-2875EAF66D20}.Debug|Any CPU.ActiveCfg = Debug|Any CPU
		{1DB60331-1801-4CC1-B433-2875EAF66D20}.Debug|Any CPU.Build.0 = Debug|Any CPU
		{1DB60331-1801-4CC1-B433-2875EAF66D20}.Debug|ARM.ActiveCfg = Debug|Any CPU
		{1DB60331-1801-4CC1-B433-2875EAF66D20}.Debug|ARM64.ActiveCfg = Debug|Any CPU
		{1DB60331-1801-4CC1-B433-2875EAF66D20}.Debug|x64.ActiveCfg = Debug|Any CPU
		{1DB60331-1801-4CC1-B433-2875EAF66D20}.Debug|x86.ActiveCfg = Debug|Any CPU
		{1DB60331-1801-4CC1-B433-2875EAF66D20}.Release|Any CPU.ActiveCfg = Release|Any CPU
		{1DB60331-1801-4CC1-B433-2875EAF66D20}.Release|Any CPU.Build.0 = Release|Any CPU
		{1DB60331-1801-4CC1-B433-2875EAF66D20}.Release|ARM.ActiveCfg = Release|Any CPU
		{1DB60331-1801-4CC1-B433-2875EAF66D20}.Release|ARM64.ActiveCfg = Release|Any CPU
		{1DB60331-1801-4CC1-B433-2875EAF66D20}.Release|x64.ActiveCfg = Release|Any CPU
		{1DB60331-1801-4CC1-B433-2875EAF66D20}.Release|x86.ActiveCfg = Release|Any CPU
	EndGlobalSection
	GlobalSection(SolutionProperties) = preSolution
		HideSolutionNode = FALSE
	EndGlobalSection
	GlobalSection(ExtensibilityGlobals) = postSolution
		SolutionGuid = {523F2BF8-CCC0-423A-A1F7-3DEB8CE68E3E}
	EndGlobalSection
EndGlobal
